hash: d98076d53fc31960a739a8b2dda397e632365a5b472a04957b76f37128dffd9e
updated: 2017-06-22T14:24:21.326785832+01:00
imports:
- name: code.cloudfoundry.org/cli
  version: 96e853b95d5a3b1c0afb79e61d9918a35037d041
  subpackages:
  - cf
  - cf/actors
  - cf/actors/brokerbuilder
  - cf/actors/planbuilder
  - cf/actors/plugininstaller
  - cf/actors/pluginrepo
  - cf/actors/servicebuilder
  - cf/actors/userprint
  - cf/api
  - cf/api/appevents
  - cf/api/appfiles
  - cf/api/appinstances
  - cf/api/applicationbits
  - cf/api/applications
  - cf/api/authentication
  - cf/api/copyapplicationsource
  - cf/api/environmentvariablegroups
  - cf/api/featureflags
  - cf/api/logs
  - cf/api/organizations
  - cf/api/password
  - cf/api/quotas
  - cf/api/resources
  - cf/api/securitygroups
  - cf/api/securitygroups/defaults
  - cf/api/securitygroups/defaults/running
  - cf/api/securitygroups/defaults/staging
  - cf/api/securitygroups/spaces
  - cf/api/spacequotas
  - cf/api/spaces
  - cf/api/stacks
  - cf/appfiles
  - cf/commandregistry
  - cf/commands
  - cf/commands/application
  - cf/commands/buildpack
  - cf/commands/domain
  - cf/commands/environmentvariablegroup
  - cf/commands/featureflag
  - cf/commands/organization
  - cf/commands/plugin
  - cf/commands/pluginrepo
  - cf/commands/quota
  - cf/commands/route
  - cf/commands/routergroups
  - cf/commands/securitygroup
  - cf/commands/service
  - cf/commands/serviceaccess
  - cf/commands/serviceauthtoken
  - cf/commands/servicebroker
  - cf/commands/servicekey
  - cf/commands/space
  - cf/commands/spacequota
  - cf/commands/user
  - cf/commandsloader
  - cf/configuration
  - cf/configuration/confighelpers
  - cf/configuration/coreconfig
  - cf/configuration/pluginconfig
  - cf/errors
  - cf/flagcontext
  - cf/flags
  - cf/formatters
  - cf/help
  - cf/i18n
  - cf/manifest
  - cf/models
  - cf/net
  - cf/requirements
  - cf/resources
  - cf/ssh
  - cf/ssh/options
  - cf/ssh/sigwinch
  - cf/ssh/terminal
  - cf/terminal
  - cf/trace
  - cf/uihelpers
  - plugin
  - plugin/models
  - plugin/rpc
  - util
  - util/configv3
  - util/downloader
  - util/generic
  - util/glob
  - util/json
  - util/sorting
  - util/ui
  - util/words
  - util/words/generator
  - version
- name: code.cloudfoundry.org/gofileutils
  version: 4d0c80011a0f37da1711c184028bc40137cd45af
  repo: https://github.com/cloudfoundry/gofileutils
  subpackages:
  - fileutils
- name: github.com/Azure/go-ansiterm
  version: fa152c58bc15761d0200cb75fe958b89a9d4888e
  repo: https://github.com/Azure/go-ansiterm
  subpackages:
  - winterm
- name: github.com/blang/semver
  version: 4a1e882c79dcf4ec00d2e29fac74b9c8938d5052
  repo: https://github.com/blang/semver
- name: github.com/cloudfoundry-incubator/cli-plugin-repo
  version: c617dd749bce96b5357933bfde859cb9a01c6012
  repo: https://github.com/cloudfoundry-incubator/cli-plugin-repo
  subpackages:
  - web
- name: github.com/cloudfoundry/noaa
  version: ea8759ba3628ce69b0c332ccea75ac6e373a938b
  repo: https://github.com/cloudfoundry/noaa
  subpackages:
  - consumer
  - consumer/internal
  - errors
- name: github.com/cloudfoundry/sonde-go
  version: 5f5bca3bcb61dbf9371b8db82497c6396cc0ea9b
  repo: https://github.com/cloudfoundry/sonde-go
  subpackages:
  - events
- name: github.com/docker/docker
  version: c9f26eaaf8b9f7977319d6d596f8701bbc58a108
  repo: https://github.com/docker/docker
  subpackages:
  - pkg/term
  - pkg/term/windows
  - vendor/github.com/Azure/go-ansiterm
  - vendor/github.com/sirupsen/logrus
  - vendor/golang.org/x/sys/unix
  - vendor/golang.org/x/sys/windows
- name: github.com/fatih/color
  version: 42c364ba490082e4815b5222728711b3440603eb
  repo: https://github.com/fatih/color
- name: github.com/gogo/protobuf
  version: f9114dace7bd920b32f943b3c73fafbcbab2bf31
  repo: https://github.com/gogo/protobuf
  subpackages:
  - gogoproto
  - proto
  - protoc-gen-gogo/descriptor
- name: github.com/google/go-querystring
  version: 53e6ce116135b80d037921a7fdd5138cf32d7a8a
  repo: https://github.com/google/go-querystring
  subpackages:
  - query
- name: github.com/gorilla/context
  version: 215affda49addc4c8ef7e2534915df2c8c35c6cd
  repo: https://github.com/gorilla/context
- name: github.com/gorilla/securecookie
  version: 667fe4e3466a040b780561fe9b51a83a3753eefc
- name: github.com/gorilla/sessions
  version: ca9ada44574153444b00d3fd9c8559e4cc95f896
- name: github.com/gorilla/websocket
  version: bb547c6c5c59732c29a3266d7125a84f6c3fce32
- name: github.com/labstack/echo
  version: e08070379af60f5b9c0fb5bb2d1527ba9624fe43
  subpackages:
  - context
  - engine
  - engine/standard
  - log
- name: github.com/labstack/gommon
  version: 1121fd3e243c202482226a7afe4dcd07ffc4139a
  subpackages:
  - color
  - log
- name: github.com/lunixbochs/vtclean
  version: 4428d67a89b36ecae7998e983e5814d0d9c45a04
  repo: https://github.com/lunixbochs/vtclean
- name: github.com/mattn/go-colorable
  version: d228849504861217f796da67fae4f6e347643f15
  repo: https://github.com/mattn/go-colorable
- name: github.com/mattn/go-isatty
  version: 30a891c33c7cde7b02a981314b4228ec99380cca
  repo: https://github.com/mattn/go-isatty
- name: github.com/mattn/go-runewidth
  version: 14207d285c6c197daabb5c9793d63e7af9ab2d50
  repo: https://github.com/mattn/go-runewidth
- name: github.com/satori/go.uuid
  version: 879c5887cd475cd7864858769793b2ceb0d44feb
- name: github.com/sergi/go-diff
  version: feef008d51ad2b3778f85d387ccf91735543008d
  subpackages:
  - diffmatchpatch
- name: github.com/SermoDigital/jose
  version: 2bd9b81ac51d6d6134fcd4fd846bd2e7347a15f9
  repo: https://github.com/SermoDigital/jose
  subpackages:
  - crypto
  - jws
  - jwt
- name: github.com/Sirupsen/logrus
  version: 202f25545ea4cf9b191ff7f846df5d87c9382c2b
- name: github.com/src-d/gcfg
  version: f187355171c936ac84a82793659ebb4936bc1c23
  subpackages:
  - scanner
  - token
  - types
- name: github.com/valyala/bytebufferpool
  version: e746df99fe4a3986f4d4f79e13c1e0117ce9c2f7
- name: github.com/valyala/fasttemplate
  version: dcecefd839c4193db0d35b88ec65b4c12d360ab0
- name: github.com/vito/go-interact
  version: 6928e8fe3693603deb4d861856effaee10db7bcf
  repo: https://github.com/vito/go-interact
  subpackages:
  - interact
  - interact/terminal
- name: golang.org/x/crypto
  version: e7ba82683099cae71475961448ab8f903ea77c26
  repo: https://go.googlesource.com/crypto
  subpackages:
  - curve25519
  - ed25519
  - ed25519/internal/edwards25519
  - ssh
  - ssh/agent
  - ssh/knownhosts
  - ssh/terminal
- name: golang.org/x/net
  version: 59a0b19b5533c7977ddeb86b017bf507ed407b12
  repo: https://go.googlesource.com/net
  subpackages:
  - context
  - html
  - websocket
- name: golang.org/x/sys
  version: 0b25a408a50076fbbcae6b7ac0ea5fbb0b085e79
  repo: https://go.googlesource.com/sys
  subpackages:
  - unix
  - windows
- name: golang.org/x/text
  version: 210eee5cf7323015d097341bcf7166130d001cd8
  repo: https://go.googlesource.com/text
  subpackages:
  - encoding
  - internal/gen
  - internal/tag
  - internal/utf8internal
  - language
  - runes
  - transform
  - unicode/cldr
- name: gopkg.in/src-d/go-billy.v2
  version: 52497601f113730d14baa00453674376fca22f22
  subpackages:
  - osfs
- name: gopkg.in/src-d/go-git.v4
  version: 7e249dfcf28765939bde8f38784b3274b522f880
  subpackages:
  - config
  - internal/revision
  - plumbing
  - plumbing/cache
  - plumbing/filemode
  - plumbing/format/config
  - plumbing/format/diff
  - plumbing/format/idxfile
  - plumbing/format/index
  - plumbing/format/objfile
  - plumbing/format/packfile
  - plumbing/format/pktline
  - plumbing/object
  - plumbing/protocol/packp
  - plumbing/protocol/packp/capability
  - plumbing/protocol/packp/sideband
  - plumbing/revlist
  - plumbing/storer
  - plumbing/transport
  - plumbing/transport/client
  - plumbing/transport/file
  - plumbing/transport/git
  - plumbing/transport/http
  - plumbing/transport/internal/common
  - plumbing/transport/server
  - plumbing/transport/ssh
  - storage
  - storage/filesystem
  - storage/filesystem/internal/dotgit
  - storage/memory
  - utils/binary
  - utils/diff
  - utils/ioutil
  - utils/merkletrie
  - utils/merkletrie/filesystem
  - utils/merkletrie/index
  - utils/merkletrie/internal/frame
  - utils/merkletrie/noder
- name: gopkg.in/warnings.v0
  version: 8a331561fe74dadba6edfc59f3be66c22c3b065d
- name: gopkg.in/yaml.v2
  version: a5b47d31c556af34a302ce5d659e6fea44d90de0
  repo: https://gopkg.in/yaml.v2
testImports: []
