hash: c19a9277f07909083151c1e0daf99c6ffc04d459c519814888447f312aeebe65
updated: 2016-06-08T23:40:25.179110322-04:00
imports:
- name: github.com/dgrijalva/jwt-go
  version: c04502f106d7c5b3fae17c5da49a1bbdd3006b3c
- name: github.com/gorilla/context
  version: aed02d124ae4a0e94fea4541c8effd05bf0c8296
- name: github.com/gorilla/securecookie
  version: ff356348f74133a59d3e93aa24b5b4551b6fe90d
- name: github.com/gorilla/sessions
  version: 56ba4b0a11da87516629a57408a5f7e4c8ea7b0b
- name: github.com/hpcloud/ucpconfig
  version: 0eace611cfcb89291849724f4704b390b436fe71
- name: github.com/kat-co/vala
  version: 8e262b9679ecfc9a9f550f3fbd39a8e5edbb4cbe
- name: github.com/labstack/echo
  version: f4088cf59417809ed6292c4dcdcd14cd1a34f738
  subpackages:
  - engine
  - engine/standard
  - middleware
  - log
- name: github.com/labstack/gommon
  version: 722aa12d41c236ce78ff48eac1cafe0107ecdc9d
  subpackages:
  - log
  - bytes
  - color
- name: github.com/lib/pq
  version: ee1442bda7bd1b6a84e913bdb421cb1874ec629d
  subpackages:
  - oid
- name: github.com/mattn/go-colorable
  version: 9056b7a9f2d1f2d96498d6d146acd1f9d5ed3d59
- name: github.com/mattn/go-isatty
  version: 56b76bdf51f7708750eac80fa38b952bb9f32639
- name: github.com/satori/go.uuid
  version: 879c5887cd475cd7864858769793b2ceb0d44feb
- name: github.com/valyala/fasttemplate
  version: 3b874956e03f1636d171bda64b130f9135f42cff
- name: golang.org/x/net
  version: 313cf39d4ac368181bce6960ac9be9e7cee67e68
  subpackages:
  - context
- name: golang.org/x/sys
  version: 076b546753157f758b316e59bcb51e6807c04057
  subpackages:
  - unix
devImports: []
