hash: 4498995601ba709fa0843f870c218056218bf882009e6121a855ef8cc138397d
updated: 2016-07-05T00:27:21.747042989-04:00
imports:
- name: github.com/antonlindstrom/pgstore
  version: 646ee398524f0eb81ad90aa8f40cbd74045c99b2
- name: github.com/cloudfoundry/noaa
  version: a4c517a96b01b568e0670f1682c5a19869eb12d9
  subpackages:
  - consumer
  - errors
  - consumer/internal
- name: github.com/cloudfoundry/sonde-go
  version: 64ff74a60c9558e7fcb55c9d22eff49412ec5826
  subpackages:
  - events
- name: github.com/coopernurse/gorp
  version: 9cd2b5ef5b82fde4e7c51776ac3f94398b8af076
- name: github.com/dgrijalva/jwt-go
  version: f0777076321ab64f6efc15a82d9d23b98539b943
- name: github.com/gogo/protobuf
  version: 2752d97bbd91927dd1c43296dbf8700e50e2708c
  subpackages:
  - proto
  - gogoproto
  - protoc-gen-gogo/descriptor
- name: github.com/golang/protobuf
  version: 3852dcfda249c2097355a6aabb199a28d97b30df
  subpackages:
  - proto
- name: github.com/gorilla/context
  version: a8d44e7d8e4d532b6a27a02dd82abb31cc1b01bd
- name: github.com/gorilla/securecookie
  version: ff356348f74133a59d3e93aa24b5b4551b6fe90d
- name: github.com/gorilla/sessions
  version: 56ba4b0a11da87516629a57408a5f7e4c8ea7b0b
- name: github.com/gorilla/websocket
  version: 54f9decdbfb3fe254c5df3d5aa234480989f4af0
- name: github.com/hpcloud/ucpconfig
  version: 0eace611cfcb89291849724f4704b390b436fe71
- name: github.com/kat-co/vala
  version: 43c3f19f86f47a7a83ce5656a1dd8fee3da5d12b
- name: github.com/labstack/echo
  version: c00d017178d23261895b096b6e39e9b6bbca37dc
  subpackages:
  - engine
  - engine/standard
  - middleware
  - log
- name: github.com/labstack/gommon
  version: 722aa12d41c236ce78ff48eac1cafe0107ecdc9d
  subpackages:
  - log
  - bytes
  - color
- name: github.com/lib/pq
  version: 4dd446efc17690bc53e154025146f73203b18309
  subpackages:
  - oid
- name: github.com/mattn/go-colorable
  version: 9056b7a9f2d1f2d96498d6d146acd1f9d5ed3d59
- name: github.com/mattn/go-isatty
  version: 56b76bdf51f7708750eac80fa38b952bb9f32639
- name: github.com/satori/go.uuid
  version: 879c5887cd475cd7864858769793b2ceb0d44feb
- name: github.com/valyala/fasttemplate
  version: 3b874956e03f1636d171bda64b130f9135f42cff
- name: golang.org/x/net
  version: b400c2eff1badec7022a8c8f5bea058b6315eed7
  subpackages:
  - context
- name: golang.org/x/oauth2
  version: df5b72659a3b1789a345ea643bb7c28442681652
  subpackages:
  - github
  - internal
- name: golang.org/x/sys
  version: a408501be4d17ee978c04a618e7a1b22af058c0e
  subpackages:
  - unix
- name: google.golang.org/appengine
  version: 267c27e7492265b84fc6719503b14a1e17975d79
  subpackages:
  - urlfetch
  - internal
  - internal/urlfetch
  - internal/base
  - internal/datastore
  - internal/log
  - internal/remote_api
devImports: []
