# This file is autogenerated, do not edit; changes may be undone by the next 'dep ensure'.


[[projects]]
  branch = "master"
  digest = "1:8ecd96219dbdfca451c606cbabe8d29e54a6730b0b1cb9caf7324cb28570af56"
  name = "bitbucket.org/liamstask/goose"
  packages = ["lib/goose"]
  pruneopts = "UT"
  revision = "8488cc47d90c8a502b1c41a462a6d9cc8ee0a895"

[[projects]]
  branch = "master"
  digest = "1:662a18ecf55317daa51ea75dd49cdc936b768019ae80e1c448decc5fe6065fc1"
  name = "code.cloudfoundry.org/bytefmt"
  packages = ["."]
  pruneopts = "UT"
  revision = "b31f603f5e1e047fdb38584e1a922dcc5c4de5c8"

[[projects]]
  digest = "1:fe6b225c8f7b56cd37aaa2b117f36f7a3da2358195dcdaae778bd2be137eb4ba"
  name = "code.cloudfoundry.org/cli"
  packages = [
    "actor/actionerror",
    "api/cloudcontroller/ccerror",
    "api/cloudcontroller/ccv2/constant",
    "api/plugin/pluginerror",
    "api/uaa",
    "api/uaa/constant",
    "api/uaa/internal",
    "cf",
    "cf/actors",
    "cf/actors/brokerbuilder",
    "cf/actors/planbuilder",
    "cf/actors/plugininstaller",
    "cf/actors/pluginrepo",
    "cf/actors/servicebuilder",
    "cf/actors/userprint",
    "cf/api",
    "cf/api/appevents",
    "cf/api/appfiles",
    "cf/api/appinstances",
    "cf/api/applicationbits",
    "cf/api/applications",
    "cf/api/authentication",
    "cf/api/copyapplicationsource",
    "cf/api/environmentvariablegroups",
    "cf/api/featureflags",
    "cf/api/logs",
    "cf/api/organizations",
    "cf/api/password",
    "cf/api/quotas",
    "cf/api/resources",
    "cf/api/securitygroups",
    "cf/api/securitygroups/defaults",
    "cf/api/securitygroups/defaults/running",
    "cf/api/securitygroups/defaults/staging",
    "cf/api/securitygroups/spaces",
    "cf/api/spacequotas",
    "cf/api/spaces",
    "cf/api/stacks",
    "cf/appfiles",
    "cf/commandregistry",
    "cf/commands",
    "cf/commands/application",
    "cf/commands/buildpack",
    "cf/commands/domain",
    "cf/commands/environmentvariablegroup",
    "cf/commands/featureflag",
    "cf/commands/organization",
    "cf/commands/plugin",
    "cf/commands/pluginrepo",
    "cf/commands/quota",
    "cf/commands/route",
    "cf/commands/routergroups",
    "cf/commands/securitygroup",
    "cf/commands/service",
    "cf/commands/serviceaccess",
    "cf/commands/serviceauthtoken",
    "cf/commands/servicebroker",
    "cf/commands/servicekey",
    "cf/commands/space",
    "cf/commands/spacequota",
    "cf/commands/user",
    "cf/commandsloader",
    "cf/configuration",
    "cf/configuration/confighelpers",
    "cf/configuration/coreconfig",
    "cf/configuration/pluginconfig",
    "cf/errors",
    "cf/flagcontext",
    "cf/flags",
    "cf/formatters",
    "cf/help",
    "cf/i18n",
    "cf/manifest",
    "cf/models",
    "cf/net",
    "cf/requirements",
    "cf/ssh",
    "cf/ssh/options",
    "cf/ssh/sigwinch",
    "cf/ssh/terminal",
    "cf/terminal",
    "cf/trace",
    "cf/uihelpers",
    "cf/util/downloader",
    "cf/util/glob",
    "cf/util/json",
    "command",
    "command/translatableerror",
    "command/v2/constant",
    "i18n/resources",
    "plugin",
    "plugin/models",
    "plugin/rpc",
    "types",
    "util",
    "util/clissh/ssherror",
    "util/configv3",
    "util/download",
    "util/generic",
    "util/manifest",
    "util/randomword",
    "util/sorting",
    "util/ui",
    "version",
  ]
  pruneopts = "UT"
  revision = "9048c6b553bb90bdd92d4156d7e6a54b82a45e72"
  source = "github.com/cloudfoundry/cli"
  version = "v6.38.0"

[[projects]]
  branch = "master"
  digest = "1:ef4eaf0b9b15b3f5e5afaf6a52303c39d46a9c3b6d13d0d81e4b785002606692"
  name = "code.cloudfoundry.org/gofileutils"
  packages = ["fileutils"]
  pruneopts = "UT"
  revision = "4d0c80011a0f37da1711c184028bc40137cd45af"

[[projects]]
  branch = "master"
  digest = "1:6da51e5ec493ad2b44cb04129e2d0a068c8fb9bd6cb5739d199573558696bb94"
  name = "github.com/Azure/go-ansiterm"
  packages = [
    ".",
    "winterm",
  ]
  pruneopts = "UT"
  revision = "d6e3b3328b783f23731bc4d058875b0371ff8109"

[[projects]]
  digest = "1:a69ab3f1445ffd4815add4bd31ba05b65b3b9fec1ade5057d5d717f30e6efd6d"
  name = "github.com/SermoDigital/jose"
  packages = [
    ".",
    "crypto",
    "jws",
    "jwt",
  ]
  pruneopts = "UT"
  revision = "f6df55f235c24f236d11dbcf665249a59ac2021f"
  version = "1.1"

[[projects]]
  digest = "1:9cb749fbb57c0b6c77b4768dc6a05c148d45fd0127248106e6122a5a21eb9631"
  name = "github.com/antonlindstrom/pgstore"
  packages = ["."]
  pruneopts = "UT"
  revision = "a407030ba6d0efd9a1aad3d0cfc18a9b13d2f2e7"
  version = "1.0.0"

[[projects]]
  digest = "1:705c40022f5c03bf96ffeb6477858d88565064485a513abcd0f11a0911546cb6"
  name = "github.com/blang/semver"
  packages = ["."]
  pruneopts = "UT"
  revision = "2ee87856327ba09384cabd113bc6b5d174e9ec0f"
  version = "v3.5.1"

[[projects]]
  digest = "1:2aaf2cc045d0219bba79655e4df795b973168c310574669cb75786684f7287d3"
  name = "github.com/bmatcuk/doublestar"
  packages = ["."]
  pruneopts = "UT"
  revision = "85a78806aa1b4707d1dbace9be592cf1ece91ab3"
  version = "v1.1.1"

[[projects]]
  branch = "master"
  digest = "1:58927c45bfdcd6550e5f1ab008eeeb6951474a232afa1dc690583f26c5f92cbd"
  name = "github.com/charlievieth/fs"
  packages = ["."]
  pruneopts = "UT"
  revision = "7dc373669fa10ddf827c37c595dee30a2f001be9"

[[projects]]
  digest = "1:24fc51072bca32204c162b79ede835505b3c5c5cce4e2e0cd6184ff2376486c9"
  name = "github.com/cloudfoundry/bosh-cli"
  packages = ["director/template"]
  pruneopts = "UT"
  revision = "712bfd7271b478ba03c3f604339e2eefbec4647c"
  version = "v3.0.1"

[[projects]]
  branch = "master"
  digest = "1:888760c0a2ace2beab2579c192a75b4f74f5b8e7fc2e6ae3d03be40e956a21dc"
  name = "github.com/cloudfoundry/bosh-utils"
  packages = [
    "errors",
    "logger",
    "system",
  ]
  pruneopts = "UT"
  revision = "407dd7546455f1a0a50feba2dcaef0ae88da1810"

[[projects]]
  branch = "master"
  digest = "1:d460dfec5d2bb8a053b9145d1f56b2373a1bd0bdaedf8f12ae5bab66da97370a"
  name = "github.com/cloudfoundry/cli-plugin-repo"
  packages = ["web"]
  pruneopts = "UT"
  revision = "c64574b2524fa39aea71f3561eb676a16b0e10f8"

[[projects]]
  branch = "master"
  digest = "1:a91f02e5d109fbb96825158273e85ea7eff0711e1d29594d9d74c76f003528ae"
  name = "github.com/cloudfoundry/noaa"
  packages = [
    ".",
    "consumer",
    "consumer/internal",
    "errors",
  ]
  pruneopts = "UT"
  revision = "5beab4261046115d89e363902e75155f7370849c"

[[projects]]
  branch = "master"
  digest = "1:e40a214426e6825d5c4067ebbb788c06be08ef657918e45a8f7fc45685431098"
  name = "github.com/cloudfoundry/sonde-go"
  packages = ["events"]
  pruneopts = "UT"
  revision = "b33733203bb48d7c56de7cb639d77f78b0449d19"

[[projects]]
  branch = "master"
  digest = "1:71570cb9af58f4981cd3b6ac9902b37e978e1f3c34f35a04a3a4837ea542500f"
  name = "github.com/cppforlife/go-patch"
  packages = ["patch"]
  pruneopts = "UT"
  revision = "250da0e0e68ce3367b4302f34218f6c064eb9559"

[[projects]]
  digest = "1:ec52d81d56e55d307da2d3dfc97ab952f9cec61d7df839ba5dd464ec08f9759e"
  name = "github.com/cyphar/filepath-securejoin"
  packages = ["."]
  pruneopts = "UT"
  revision = "06bda8370f45268db985f7af15732444d94ed51c"
  version = "v0.2.1"

[[projects]]
  digest = "1:76dc72490af7174349349838f2fe118996381b31ea83243812a97e5a0fd5ed55"
  name = "github.com/dgrijalva/jwt-go"
  packages = ["."]
  pruneopts = "UT"
  revision = "06ea1031745cb8b3dab3f6a236daf2b0aa468b7e"
  version = "v3.2.0"

[[projects]]
  branch = "master"
  digest = "1:082ee114ca248ab34396a2c1ec493fdf805578f987983dc9aa35f8557f2c7c5a"
  name = "github.com/docker/docker"
  packages = ["pkg/term/windows"]
  pruneopts = "UT"
  revision = "678d4b3a6d4cd7824d26592090b4dec507ce4bc2"

[[projects]]
  branch = "master"
  digest = "1:988cfde37f089c50ba1ac8a1032c3f81d2ac0359e1872093b946a30139665eb6"
  name = "github.com/dsnet/compress"
  packages = [
    ".",
    "bzip2",
    "bzip2/internal/sais",
    "internal",
    "internal/errors",
    "internal/prefix",
  ]
  pruneopts = "UT"
  revision = "cc9eb1d7ad760af14e8f918698f745e80377af4f"

[[projects]]
  branch = "master"
  digest = "1:fe91229bde1db1679a05aa7bda00b7b0edb50e411d834347be5be783d7d6c462"
  name = "github.com/fatih/color"
  packages = ["."]
  pruneopts = "UT"
  revision = "2d684516a8861da43017284349b7e303e809ac21"

[[projects]]
  digest = "1:adea5a94903eb4384abef30f3d878dc9ff6b6b5b0722da25b82e5169216dfb61"
  name = "github.com/go-sql-driver/mysql"
  packages = ["."]
  pruneopts = "UT"
  revision = "d523deb1b23d913de5bdada721a6071e71283618"
  version = "v1.4.0"

[[projects]]
  digest = "1:bfc758d5a03d57d97226fac6934551c01bd76612adb119c177395b057a0a46db"
  name = "github.com/gogo/protobuf"
  packages = [
    "gogoproto",
    "proto",
    "protoc-gen-gogo/descriptor",
  ]
  pruneopts = "UT"
  revision = "636bf0302bc95575d69441b25a2603156ffdddf1"
  version = "v1.1.1"

[[projects]]
  branch = "master"
  digest = "1:a63cff6b5d8b95638bfe300385d93b2a6d9d687734b863da8e09dc834510a690"
  name = "github.com/google/go-querystring"
  packages = ["query"]
  pruneopts = "UT"
  revision = "53e6ce116135b80d037921a7fdd5138cf32d7a8a"

[[projects]]
  branch = "master"
  digest = "1:f14d1b50e0075fb00177f12a96dd7addf93d1e2883c25befd17285b779549795"
  name = "github.com/gopherjs/gopherjs"
  packages = ["js"]
  pruneopts = "UT"
  revision = "0892b62f0d9fb5857760c3cfca837207185117ee"

[[projects]]
  digest = "1:c79fb010be38a59d657c48c6ba1d003a8aa651fa56b579d959d74573b7dff8e1"
  name = "github.com/gorilla/context"
  packages = ["."]
  pruneopts = "UT"
  revision = "08b5f424b9271eedf6f9f0ce86cb9396ed337a42"
  version = "v1.1.1"

[[projects]]
  digest = "1:e72d1ebb8d395cf9f346fd9cbc652e5ae222dd85e0ac842dc57f175abed6d195"
  name = "github.com/gorilla/securecookie"
  packages = ["."]
  pruneopts = "UT"
  revision = "e59506cc896acb7f7bf732d4fdf5e25f7ccd8983"
  version = "v1.1.1"

[[projects]]
  digest = "1:0fe783ea0c04c7d13f7c55d8f74b01b17e18a8320e7deecf578b41ef99b27205"
  name = "github.com/gorilla/sessions"
  packages = ["."]
  pruneopts = "UT"
  revision = "03b6f63cc43ef9c7240a635a5e22b13180e822b8"
  version = "v1.1.1"

[[projects]]
  digest = "1:43dd08a10854b2056e615d1b1d22ac94559d822e1f8b6fcc92c1a1057e85188e"
  name = "github.com/gorilla/websocket"
  packages = ["."]
  pruneopts = "UT"
  revision = "ea4d1f681babbce9545c9c5f3d5194a789c89f5b"
  version = "v1.2.0"

[[projects]]
  branch = "master"
  digest = "1:17f3f1af41a68b23365d83146a3504eccd759394f50a393b37ce16d9b88c4d3b"
  name = "github.com/irfanhabib/mysqlstore"
  packages = ["."]
  pruneopts = "UT"
  revision = "304308519d1355852f92cd88b31153c8a9a4e4db"

[[projects]]
  branch = "master"
  digest = "1:dd027aa13cbc2cecd3003a5f2c320928847c5fe6eadac8021126683bdbf0189e"
  name = "github.com/jessevdk/go-flags"
  packages = ["."]
  pruneopts = "UT"
  revision = "5ce624ef26b9223c9085c268589891a7a4dbcfda"
  source = "github.com/XenoPhex/go-flags"

[[projects]]
  digest = "1:1e15f4e455f94aeaedfcf9c75b3e1c449b5acba1551c58446b4b45be507c707b"
  name = "github.com/jtolds/gls"
  packages = ["."]
  pruneopts = "UT"
  revision = "77f18212c9c7edc9bd6a33d383a7b545ce62f064"
  version = "v4.2.1"

[[projects]]
  digest = "1:956d182b8353d30a4f52b26f6209bbeed383efb746f2091abfa29b5417e6023e"
  name = "github.com/kat-co/vala"
  packages = ["."]
  pruneopts = "UT"
  revision = "43c3f19f86f47a7a83ce5656a1dd8fee3da5d12b"

[[projects]]
  branch = "master"
  digest = "1:c1046169c43b3993cf00edc6fd4a85472badea8497010f883fa7008802d55389"
  name = "github.com/kylelemons/go-gypsy"
  packages = ["yaml"]
  pruneopts = "UT"
  revision = "08cad365cd28a7fba23bb1e57aa43c5e18ad8bb8"

[[projects]]
  digest = "1:09b4b26f6837dbb21698726ccaa6eccae9ab822485726a2a09a9d123cb1ba4d1"
  name = "github.com/labstack/echo"
  packages = [
    ".",
    "context",
    "engine",
    "engine/standard",
    "log",
    "middleware",
  ]
  pruneopts = "UT"
  revision = "e08070379af60f5b9c0fb5bb2d1527ba9624fe43"
  version = "v2.2.0"

[[projects]]
  digest = "1:568171fc14a3d819b112c3e219d351ea7b05e8dad7935c4168c6b3373244a686"
  name = "github.com/labstack/gommon"
  packages = [
    "bytes",
    "color",
    "log",
    "random",
  ]
  pruneopts = "UT"
  revision = "d6898124de917583f5ff5592ef931d1dfe0ddc05"
  version = "0.2.6"

[[projects]]
  branch = "master"
  digest = "1:37ce7d7d80531b227023331002c0d42b4b4b291a96798c82a049d03a54ba79e4"
  name = "github.com/lib/pq"
  packages = [
    ".",
    "oid",
  ]
  pruneopts = "UT"
  revision = "90697d60dd844d5ef6ff15135d0203f65d2f53b8"

[[projects]]
  branch = "master"
  digest = "1:bb08c7bb1c7224636b1a00639f079ed4391eb822945f26db74b8d8ee3f14d991"
  name = "github.com/lunixbochs/vtclean"
  packages = ["."]
  pruneopts = "UT"
  revision = "2d01aacdc34a083dca635ba869909f5fc0cd4f41"

[[projects]]
  branch = "master"
  digest = "1:aa3d8d42865c42626b5c1add193692d045b3188b1479f0a0a88690d21fe20083"
  name = "github.com/mailru/easyjson"
  packages = [
    ".",
    "buffer",
    "jlexer",
    "jwriter",
  ]
  pruneopts = "UT"
  revision = "03f2033d19d5860aef995fe360ac7d395cd8ce65"

[[projects]]
  digest = "1:c658e84ad3916da105a761660dcaeb01e63416c8ec7bc62256a9b411a05fcd67"
  name = "github.com/mattn/go-colorable"
  packages = ["."]
  pruneopts = "UT"
  revision = "167de6bfdfba052fa6b2d3664c8f5272e23c9072"
  version = "v0.0.9"

[[projects]]
  digest = "1:d4d17353dbd05cb52a2a52b7fe1771883b682806f68db442b436294926bbfafb"
  name = "github.com/mattn/go-isatty"
  packages = ["."]
  pruneopts = "UT"
  revision = "0360b2af4f38e8d38c7fce2a9f4e702702d73a39"
  version = "v0.0.3"

[[projects]]
  branch = "master"
  digest = "1:cdb899c199f907ac9fb50495ec71212c95cb5b0e0a8ee0800da0238036091033"
  name = "github.com/mattn/go-runewidth"
  packages = ["."]
  pruneopts = "UT"
  revision = "ce7b0b5c7b45a81508558cd1dba6bb1e4ddb51bb"

[[projects]]
  digest = "1:3cafc6a5a1b8269605d9df4c6956d43d8011fc57f266ca6b9d04da6c09dee548"
  name = "github.com/mattn/go-sqlite3"
  packages = ["."]
  pruneopts = "UT"
  revision = "25ecb14adfc7543176f7d85291ec7dba82c6f7e4"
  version = "v1.9.0"

[[projects]]
  digest = "1:e05db7d2d85e06b7973561483c4accb8fa67037ff851c69641d9c281b4c36102"
  name = "github.com/mholt/archiver"
  packages = ["."]
  pruneopts = "UT"
  revision = "cdc68dd1f170b8dfc1a0d2231b5bb0967ed67006"
  version = "v2.0"

[[projects]]
  digest = "1:53f34ba558b7948cb4324bff6c11b6c876a915d2a1ba9486d0c4f2e87841c3ff"
  name = "github.com/moby/moby"
  packages = ["pkg/term"]
  pruneopts = "UT"
  revision = "9de84a78d76ed2ffe386fe21466f7401cf5d2e9d"

[[projects]]
  branch = "master"
  digest = "1:3bdb4203c03569a564d6a4bd54d84315575cebb2d76471f8676f8ee8c402005e"
  name = "github.com/nwaples/rardecode"
  packages = ["."]
  pruneopts = "UT"
  revision = "e06696f847aeda6f39a8f0b7cdff193b7690aef6"

[[projects]]
  branch = "master"
  digest = "1:c469936ff0749af353f267a7b5a7cd0af302e848c795d3cfc487d290434186ed"
  name = "github.com/nwmac/sqlitestore"
  packages = ["."]
  pruneopts = "UT"
  revision = "ea2757e5ec127ab4aaef609f6401ebaa2cf189f1"

[[projects]]
  digest = "1:40e195917a951a8bf867cd05de2a46aaf1806c50cf92eebf4c16f78cd196f747"
  name = "github.com/pkg/errors"
  packages = ["."]
  pruneopts = "UT"
  revision = "645ef00459ed84a119197bfb8d8205042c6df63d"
  version = "v0.8.0"

[[projects]]
  digest = "1:274f67cb6fed9588ea2521ecdac05a6d62a8c51c074c1fccc6a49a40ba80e925"
  name = "github.com/satori/go.uuid"
  packages = ["."]
  pruneopts = "UT"
  revision = "f58768cc1a7a7e77a3bd49e98cdd21419399b6a3"
  version = "v1.2.0"

[[projects]]
  digest = "1:d867dfa6751c8d7a435821ad3b736310c2ed68945d05b50fb9d23aee0540c8cc"
  name = "github.com/sirupsen/logrus"
  packages = ["."]
  pruneopts = "UT"
  revision = "3e01752db0189b9157070a0e1668a620f9a85da2"
  version = "v1.0.6"

[[projects]]
  digest = "1:cc1c574c9cb5e99b123888c12b828e2d19224ab6c2244bda34647f230bf33243"
  name = "github.com/smartystreets/assertions"
  packages = [
    ".",
    "internal/go-render/render",
    "internal/oglematchers",
  ]
  pruneopts = "UT"
  revision = "7678a5452ebea5b7090a6b163f844c133f523da2"
  version = "1.8.3"

[[projects]]
  digest = "1:d5bd4e33832395b3473f52d9cb629137166d506802ae1c6970f88587a52664c2"
  name = "github.com/smartystreets/goconvey"
  packages = [
    "convey",
    "convey/gotest",
    "convey/reporting",
  ]
  pruneopts = "UT"
  revision = "d4c757aa9afd1e2fc1832aaab209b5794eb336e1"
  version = "1.6.2"

[[projects]]
  digest = "1:4aeb3860275fa1fd60cccfb5a6ef85da438bf17402e1e84412ade4d4b55066a0"
  name = "github.com/ulikunitz/xz"
  packages = [
    ".",
    "internal/hash",
    "internal/xlog",
    "lzma",
  ]
  pruneopts = "UT"
  revision = "0c6b41e72360850ca4f98dc341fd999726ea007f"
  version = "v0.5.4"

[[projects]]
  branch = "master"
  digest = "1:c468422f334a6b46a19448ad59aaffdfc0a36b08fdcc1c749a0b29b6453d7e59"
  name = "github.com/valyala/bytebufferpool"
  packages = ["."]
  pruneopts = "UT"
  revision = "e746df99fe4a3986f4d4f79e13c1e0117ce9c2f7"

[[projects]]
  branch = "master"
  digest = "1:268b8bce0064e8c057d7b913605459f9a26dcab864c0886a56d196540fbf003f"
  name = "github.com/valyala/fasttemplate"
  packages = ["."]
  pruneopts = "UT"
  revision = "dcecefd839c4193db0d35b88ec65b4c12d360ab0"

[[projects]]
  branch = "master"
  digest = "1:b54b140b8d4a69b461f678f7ed57c89ef5e5c6343497542c8b697228cb7c8a51"
  name = "github.com/vito/go-interact"
  packages = [
    "interact",
    "interact/terminal",
  ]
  pruneopts = "UT"
  revision = "fa338ed9e9ecbb0e9c2e6c7a0160d9fc9b0efbd9"

[[projects]]
  digest = "1:19fd46009e9bad71f7e9a8367e7317ed632f89926352a7d59822edec785ae4f3"
  name = "github.com/ziutek/mymysql"
  packages = [
    "godrv",
    "mysql",
    "native",
  ]
  pruneopts = "UT"
  revision = "e08c2f35356576b3c3690c252fe5dca728ae9292"
  version = "v1.5.4"

[[projects]]
  branch = "master"
  digest = "1:10e257965f5774c1ef03b258130a6caa8dddbfe03041f69d7c16a00463dece62"
  name = "golang.org/x/crypto"
  packages = [
    "curve25519",
    "ed25519",
    "ed25519/internal/edwards25519",
    "internal/chacha20",
    "internal/subtle",
    "poly1305",
    "ssh",
    "ssh/terminal",
  ]
  pruneopts = "UT"
  revision = "de0752318171da717af4ce24d0a2e8626afaeb11"

[[projects]]
  branch = "master"
  digest = "1:290b8002a96a5f5c1bd8316884f6e2414f5fb1e46a22bbd5a1ff0d45dc944cb3"
  name = "golang.org/x/net"
  packages = [
    "context",
    "websocket",
  ]
  pruneopts = "UT"
  revision = "c39426892332e1bb5ec0a434a079bf82f5d30c54"

[[projects]]
  branch = "master"
  digest = "1:26ec91f56010c7c9f74630771a35f12f07f3c1d077455ae6611fe58b21433146"
  name = "golang.org/x/sys"
  packages = [
    "unix",
    "windows",
  ]
  pruneopts = "UT"
  revision = "14742f9018cd6651ec7364dc6ee08af0baaa1031"

[[projects]]
  branch = "master"
  digest = "1:842253589ac2f6acca70a602ecc9f25af131a97faf6d34e82356cf8ef8188f0f"
  name = "golang.org/x/text"
  packages = [
    "internal/gen",
    "internal/language",
    "internal/language/compact",
    "internal/tag",
    "language",
    "unicode/cldr",
  ]
  pruneopts = "UT"
  revision = "6e3c4e7365ddcc329f090f96e4348398f6310088"

[[projects]]
  digest = "1:c25289f43ac4a68d88b02245742347c94f1e108c534dda442188015ff80669b3"
  name = "google.golang.org/appengine"
  packages = ["cloudsql"]
  pruneopts = "UT"
  revision = "b1f26356af11148e710935ed1ac8a7f5702c7612"
  version = "v1.1.0"

[[projects]]
  digest = "1:4e21fb0d17b9da61f6fbc44efd88db46b37a95d2970ca242fb1e8d7e8cdff900"
  name = "gopkg.in/DATA-DOG/go-sqlmock.v1"
  packages = ["."]
  pruneopts = "UT"
  revision = "9958e5c69de03e97ec215b23f6fcae1f600c3fb6"
  version = "v1.1.3"

[[projects]]
  digest = "1:d8cd4f14785b5ae65100524a29ebba8b9dfc5401020fe7504f80b438bb8e8e0d"
  name = "gopkg.in/cheggaaa/pb.v1"
  packages = ["."]
  pruneopts = "UT"
  revision = "2af8bbdea9e99e83b3ac400d8f6b6d1b8cbbf338"
  version = "v1.0.25"

[[projects]]
  digest = "1:342378ac4dcb378a5448dd723f0784ae519383532f5e70ade24132c4c8693202"
  name = "gopkg.in/yaml.v2"
  packages = ["."]
  pruneopts = "UT"
  revision = "5420a8b6744d3b0345ab293f6fcba19c978f1183"
  version = "v2.2.1"

[solve-meta]
  analyzer-name = "dep"
  analyzer-version = 1
  input-imports = [
    "bitbucket.org/liamstask/goose/lib/goose",
    "code.cloudfoundry.org/cli/cf/actors",
    "code.cloudfoundry.org/cli/cf/actors/brokerbuilder",
    "code.cloudfoundry.org/cli/cf/actors/planbuilder",
    "code.cloudfoundry.org/cli/cf/actors/pluginrepo",
    "code.cloudfoundry.org/cli/cf/actors/servicebuilder",
    "code.cloudfoundry.org/cli/cf/api",
    "code.cloudfoundry.org/cli/cf/api/applications",
    "code.cloudfoundry.org/cli/cf/appfiles",
    "code.cloudfoundry.org/cli/cf/commandregistry",
    "code.cloudfoundry.org/cli/cf/commands/application",
    "code.cloudfoundry.org/cli/cf/commandsloader",
    "code.cloudfoundry.org/cli/cf/configuration",
    "code.cloudfoundry.org/cli/cf/configuration/confighelpers",
    "code.cloudfoundry.org/cli/cf/configuration/coreconfig",
    "code.cloudfoundry.org/cli/cf/configuration/pluginconfig",
    "code.cloudfoundry.org/cli/cf/flags",
    "code.cloudfoundry.org/cli/cf/manifest",
    "code.cloudfoundry.org/cli/cf/models",
    "code.cloudfoundry.org/cli/cf/net",
    "code.cloudfoundry.org/cli/cf/terminal",
    "code.cloudfoundry.org/cli/cf/trace",
    "code.cloudfoundry.org/cli/util",
    "code.cloudfoundry.org/cli/util/randomword",
    "github.com/antonlindstrom/pgstore",
    "github.com/cloudfoundry/noaa",
    "github.com/cloudfoundry/noaa/consumer",
    "github.com/cloudfoundry/noaa/errors",
    "github.com/cloudfoundry/sonde-go/events",
    "github.com/go-sql-driver/mysql",
    "github.com/gorilla/context",
    "github.com/gorilla/securecookie",
    "github.com/gorilla/sessions",
    "github.com/gorilla/websocket",
    "github.com/irfanhabib/mysqlstore",
    "github.com/kat-co/vala",
    "github.com/labstack/echo",
    "github.com/labstack/echo/engine",
    "github.com/labstack/echo/engine/standard",
    "github.com/labstack/echo/middleware",
    "github.com/mattn/go-sqlite3",
    "github.com/mholt/archiver",
    "github.com/nwmac/sqlitestore",
    "github.com/satori/go.uuid",
    "github.com/sirupsen/logrus",
    "github.com/smartystreets/goconvey/convey",
    "golang.org/x/crypto/ssh",
    "gopkg.in/DATA-DOG/go-sqlmock.v1",
    "gopkg.in/yaml.v2",
  ]
  solver-name = "gps-cdcl"
  solver-version = 1
