# This file is autogenerated, do not edit; changes may be undone by the next 'dep ensure'.


[[projects]]
  branch = "master"
  name = "bitbucket.org/liamstask/goose"
  packages = ["lib/goose"]
  revision = "8488cc47d90c8a502b1c41a462a6d9cc8ee0a895"

[[projects]]
  branch = "master"
  name = "code.cloudfoundry.org/bytefmt"
  packages = ["."]
  revision = "b31f603f5e1e047fdb38584e1a922dcc5c4de5c8"

[[projects]]
  name = "code.cloudfoundry.org/cli"
  packages = [
    "actor/actionerror",
    "api/cloudcontroller/ccerror",
    "api/cloudcontroller/ccv2/constant",
    "api/plugin/pluginerror",
    "api/uaa",
    "api/uaa/constant",
    "api/uaa/internal",
    "cf",
    "cf/actors",
    "cf/actors/brokerbuilder",
    "cf/actors/planbuilder",
    "cf/actors/plugininstaller",
    "cf/actors/pluginrepo",
    "cf/actors/servicebuilder",
    "cf/actors/userprint",
    "cf/api",
    "cf/api/appevents",
    "cf/api/appfiles",
    "cf/api/appinstances",
    "cf/api/applicationbits",
    "cf/api/applications",
    "cf/api/authentication",
    "cf/api/copyapplicationsource",
    "cf/api/environmentvariablegroups",
    "cf/api/featureflags",
    "cf/api/logs",
    "cf/api/organizations",
    "cf/api/password",
    "cf/api/quotas",
    "cf/api/resources",
    "cf/api/securitygroups",
    "cf/api/securitygroups/defaults",
    "cf/api/securitygroups/defaults/running",
    "cf/api/securitygroups/defaults/staging",
    "cf/api/securitygroups/spaces",
    "cf/api/spacequotas",
    "cf/api/spaces",
    "cf/api/stacks",
    "cf/appfiles",
    "cf/commandregistry",
    "cf/commands",
    "cf/commands/application",
    "cf/commands/buildpack",
    "cf/commands/domain",
    "cf/commands/environmentvariablegroup",
    "cf/commands/featureflag",
    "cf/commands/organization",
    "cf/commands/plugin",
    "cf/commands/pluginrepo",
    "cf/commands/quota",
    "cf/commands/route",
    "cf/commands/routergroups",
    "cf/commands/securitygroup",
    "cf/commands/service",
    "cf/commands/serviceaccess",
    "cf/commands/serviceauthtoken",
    "cf/commands/servicebroker",
    "cf/commands/servicekey",
    "cf/commands/space",
    "cf/commands/spacequota",
    "cf/commands/user",
    "cf/commandsloader",
    "cf/configuration",
    "cf/configuration/confighelpers",
    "cf/configuration/coreconfig",
    "cf/configuration/pluginconfig",
    "cf/errors",
    "cf/flagcontext",
    "cf/flags",
    "cf/formatters",
    "cf/help",
    "cf/i18n",
    "cf/manifest",
    "cf/models",
    "cf/net",
    "cf/requirements",
    "cf/ssh",
    "cf/ssh/options",
    "cf/ssh/sigwinch",
    "cf/ssh/terminal",
    "cf/terminal",
    "cf/trace",
    "cf/uihelpers",
    "cf/util/downloader",
    "cf/util/glob",
    "cf/util/json",
    "command",
    "command/translatableerror",
    "command/v2/constant",
    "i18n/resources",
    "plugin",
    "plugin/models",
    "plugin/rpc",
    "types",
    "util",
    "util/clissh/ssherror",
    "util/configv3",
    "util/generic",
    "util/manifest",
    "util/randomword",
    "util/sorting",
    "util/ui",
    "version"
  ]
  revision = "a400097531d46b877badee63790d847655cdf595"
  source = "github.com/cloudfoundry/cli"
  version = "v6.37.0"

[[projects]]
  branch = "master"
  name = "code.cloudfoundry.org/gofileutils"
  packages = ["fileutils"]
  revision = "4d0c80011a0f37da1711c184028bc40137cd45af"

[[projects]]
  branch = "master"
  name = "github.com/Azure/go-ansiterm"
  packages = [
    ".",
    "winterm"
  ]
  revision = "d6e3b3328b783f23731bc4d058875b0371ff8109"

[[projects]]
  name = "github.com/SermoDigital/jose"
  packages = [
    ".",
    "crypto",
    "jws",
    "jwt"
  ]
  revision = "f6df55f235c24f236d11dbcf665249a59ac2021f"
  version = "1.1"

[[projects]]
  name = "github.com/antonlindstrom/pgstore"
  packages = ["."]
  revision = "a407030ba6d0efd9a1aad3d0cfc18a9b13d2f2e7"
  version = "1.0.0"

[[projects]]
  name = "github.com/blang/semver"
  packages = ["."]
  revision = "2ee87856327ba09384cabd113bc6b5d174e9ec0f"
  version = "v3.5.1"

[[projects]]
  name = "github.com/bmatcuk/doublestar"
  packages = ["."]
  revision = "b3608229437ba4dc33dae64d56a79a2a73f1f6b2"
  version = "v1.0.9"

[[projects]]
  branch = "master"
  name = "github.com/charlievieth/fs"
  packages = ["."]
  revision = "7dc373669fa10ddf827c37c595dee30a2f001be9"

[[projects]]
  name = "github.com/cloudfoundry/bosh-cli"
  packages = ["director/template"]
  revision = "712bfd7271b478ba03c3f604339e2eefbec4647c"
  version = "v3.0.1"

[[projects]]
  branch = "master"
  name = "github.com/cloudfoundry/bosh-utils"
  packages = [
    "errors",
    "logger",
    "system"
  ]
  revision = "407dd7546455f1a0a50feba2dcaef0ae88da1810"

[[projects]]
  branch = "master"
  name = "github.com/cloudfoundry/cli-plugin-repo"
  packages = ["web"]
  revision = "978b4dba952159103c81cd21ccfdbfe66f8190f2"

[[projects]]
  branch = "master"
  name = "github.com/cloudfoundry/noaa"
  packages = [
    ".",
    "consumer",
    "consumer/internal",
    "errors"
  ]
  revision = "5beab4261046115d89e363902e75155f7370849c"

[[projects]]
  branch = "master"
  name = "github.com/cloudfoundry/sonde-go"
  packages = ["events"]
  revision = "b33733203bb48d7c56de7cb639d77f78b0449d19"

[[projects]]
  branch = "master"
  name = "github.com/cppforlife/go-patch"
  packages = ["patch"]
  revision = "250da0e0e68ce3367b4302f34218f6c064eb9559"

[[projects]]
  name = "github.com/cyphar/filepath-securejoin"
  packages = ["."]
  revision = "06bda8370f45268db985f7af15732444d94ed51c"
  version = "v0.2.1"

[[projects]]
  name = "github.com/dgrijalva/jwt-go"
  packages = ["."]
  revision = "06ea1031745cb8b3dab3f6a236daf2b0aa468b7e"
  version = "v3.2.0"

[[projects]]
  branch = "master"
  name = "github.com/docker/docker"
  packages = ["pkg/term/windows"]
  revision = "73d73ba9622596b9c405f1ac955474804b286be6"

[[projects]]
  branch = "master"
  name = "github.com/dsnet/compress"
  packages = [
    ".",
    "bzip2",
    "bzip2/internal/sais",
    "internal",
    "internal/errors",
    "internal/prefix"
  ]
  revision = "cc9eb1d7ad760af14e8f918698f745e80377af4f"

[[projects]]
  branch = "master"
  name = "github.com/fatih/color"
  packages = ["."]
  revision = "2d684516a8861da43017284349b7e303e809ac21"

[[projects]]
  name = "github.com/go-sql-driver/mysql"
  packages = ["."]
  revision = "d523deb1b23d913de5bdada721a6071e71283618"
  version = "v1.4.0"

[[projects]]
  name = "github.com/gogo/protobuf"
  packages = [
    "gogoproto",
    "proto",
    "protoc-gen-gogo/descriptor"
  ]
  revision = "636bf0302bc95575d69441b25a2603156ffdddf1"
  version = "v1.1.1"

[[projects]]
  branch = "master"
  name = "github.com/google/go-querystring"
  packages = ["query"]
  revision = "53e6ce116135b80d037921a7fdd5138cf32d7a8a"

[[projects]]
  branch = "master"
  name = "github.com/gopherjs/gopherjs"
  packages = ["js"]
  revision = "0892b62f0d9fb5857760c3cfca837207185117ee"

[[projects]]
  name = "github.com/gorilla/context"
  packages = ["."]
  revision = "08b5f424b9271eedf6f9f0ce86cb9396ed337a42"
  version = "v1.1.1"

[[projects]]
  name = "github.com/gorilla/securecookie"
  packages = ["."]
  revision = "e59506cc896acb7f7bf732d4fdf5e25f7ccd8983"
  version = "v1.1.1"

[[projects]]
  name = "github.com/gorilla/sessions"
  packages = ["."]
  revision = "03b6f63cc43ef9c7240a635a5e22b13180e822b8"
  version = "v1.1.1"

[[projects]]
  name = "github.com/gorilla/websocket"
  packages = ["."]
  revision = "ea4d1f681babbce9545c9c5f3d5194a789c89f5b"
  version = "v1.2.0"

[[projects]]
  branch = "master"
  name = "github.com/irfanhabib/mysqlstore"
  packages = ["."]
  revision = "304308519d1355852f92cd88b31153c8a9a4e4db"

[[projects]]
  branch = "master"
  name = "github.com/jessevdk/go-flags"
  packages = ["."]
  revision = "5ce624ef26b9223c9085c268589891a7a4dbcfda"
  source = "github.com/XenoPhex/go-flags"

[[projects]]
  name = "github.com/jtolds/gls"
  packages = ["."]
  revision = "77f18212c9c7edc9bd6a33d383a7b545ce62f064"
  version = "v4.2.1"

[[projects]]
  name = "github.com/kat-co/vala"
  packages = ["."]
  revision = "bfe9b50e828ad56312e486cbf4165ff1ac3a9bae"
  version = "v1"

[[projects]]
  branch = "master"
  name = "github.com/kylelemons/go-gypsy"
  packages = ["yaml"]
  revision = "08cad365cd28a7fba23bb1e57aa43c5e18ad8bb8"

[[projects]]
  name = "github.com/labstack/echo"
  packages = [
    ".",
    "context",
    "engine",
    "engine/standard",
    "log",
    "middleware"
  ]
  revision = "e08070379af60f5b9c0fb5bb2d1527ba9624fe43"
  version = "v2.2.0"

[[projects]]
  name = "github.com/labstack/gommon"
  packages = [
    "bytes",
    "color",
    "log",
    "random"
  ]
  revision = "d6898124de917583f5ff5592ef931d1dfe0ddc05"
  version = "0.2.6"

[[projects]]
  branch = "master"
  name = "github.com/lib/pq"
  packages = [
    ".",
    "oid"
  ]
  revision = "90697d60dd844d5ef6ff15135d0203f65d2f53b8"

[[projects]]
  branch = "master"
  name = "github.com/lunixbochs/vtclean"
  packages = ["."]
  revision = "2d01aacdc34a083dca635ba869909f5fc0cd4f41"

[[projects]]
  branch = "master"
  name = "github.com/mailru/easyjson"
  packages = [
    ".",
    "buffer",
    "jlexer",
    "jwriter"
  ]
  revision = "03f2033d19d5860aef995fe360ac7d395cd8ce65"

[[projects]]
  name = "github.com/mattn/go-colorable"
  packages = ["."]
  revision = "167de6bfdfba052fa6b2d3664c8f5272e23c9072"
  version = "v0.0.9"

[[projects]]
  name = "github.com/mattn/go-isatty"
  packages = ["."]
  revision = "0360b2af4f38e8d38c7fce2a9f4e702702d73a39"
  version = "v0.0.3"

[[projects]]
  branch = "master"
  name = "github.com/mattn/go-runewidth"
  packages = ["."]
  revision = "ce7b0b5c7b45a81508558cd1dba6bb1e4ddb51bb"

[[projects]]
  name = "github.com/mattn/go-sqlite3"
  packages = ["."]
  revision = "25ecb14adfc7543176f7d85291ec7dba82c6f7e4"
  version = "v1.9.0"

[[projects]]
  name = "github.com/mholt/archiver"
  packages = ["."]
  revision = "cdc68dd1f170b8dfc1a0d2231b5bb0967ed67006"
  version = "v2.0"

[[projects]]
  name = "github.com/moby/moby"
  packages = ["pkg/term"]
  revision = "9de84a78d76ed2ffe386fe21466f7401cf5d2e9d"

[[projects]]
  branch = "master"
  name = "github.com/nwaples/rardecode"
  packages = ["."]
  revision = "e06696f847aeda6f39a8f0b7cdff193b7690aef6"

[[projects]]
  branch = "master"
  name = "github.com/nwmac/sqlitestore"
  packages = ["."]
  revision = "ea2757e5ec127ab4aaef609f6401ebaa2cf189f1"

[[projects]]
  name = "github.com/pkg/errors"
  packages = ["."]
  revision = "645ef00459ed84a119197bfb8d8205042c6df63d"
  version = "v0.8.0"

[[projects]]
  name = "github.com/satori/go.uuid"
  packages = ["."]
  revision = "f58768cc1a7a7e77a3bd49e98cdd21419399b6a3"
  version = "v1.2.0"

[[projects]]
  name = "github.com/sirupsen/logrus"
  packages = ["."]
  revision = "3e01752db0189b9157070a0e1668a620f9a85da2"
  version = "v1.0.6"

[[projects]]
  name = "github.com/smartystreets/assertions"
  packages = [
    ".",
    "internal/go-render/render",
    "internal/oglematchers"
  ]
  revision = "7678a5452ebea5b7090a6b163f844c133f523da2"
  version = "1.8.3"

[[projects]]
  name = "github.com/smartystreets/goconvey"
  packages = [
    "convey",
    "convey/gotest",
    "convey/reporting"
  ]
  revision = "9e8dc3f972df6c8fcc0375ef492c24d0bb204857"
  version = "1.6.3"

[[projects]]
  name = "github.com/ulikunitz/xz"
  packages = [
    ".",
    "internal/hash",
    "internal/xlog",
    "lzma"
  ]
  revision = "0c6b41e72360850ca4f98dc341fd999726ea007f"
  version = "v0.5.4"

[[projects]]
  branch = "master"
  name = "github.com/valyala/bytebufferpool"
  packages = ["."]
  revision = "e746df99fe4a3986f4d4f79e13c1e0117ce9c2f7"

[[projects]]
  branch = "master"
  name = "github.com/valyala/fasttemplate"
  packages = ["."]
  revision = "dcecefd839c4193db0d35b88ec65b4c12d360ab0"

[[projects]]
  branch = "master"
  name = "github.com/vito/go-interact"
  packages = [
    "interact",
    "interact/terminal"
  ]
  revision = "fa338ed9e9ecbb0e9c2e6c7a0160d9fc9b0efbd9"

[[projects]]
  name = "github.com/ziutek/mymysql"
  packages = [
    "godrv",
    "mysql",
    "native"
  ]
  revision = "e08c2f35356576b3c3690c252fe5dca728ae9292"
  version = "v1.5.4"

[[projects]]
  branch = "master"
  name = "golang.org/x/crypto"
  packages = [
    "curve25519",
    "ed25519",
    "ed25519/internal/edwards25519",
    "internal/chacha20",
    "internal/subtle",
    "poly1305",
    "ssh",
    "ssh/terminal"
  ]
  revision = "c126467f60eb25f8f27e5a981f32a87e3965053f"

[[projects]]
  branch = "master"
  name = "golang.org/x/net"
  packages = [
    "context",
    "websocket"
  ]
  revision = "a0f8a16cb08c06df97cbdf9c47f4731ba548c33c"

[[projects]]
  branch = "master"
  name = "golang.org/x/sys"
  packages = [
    "unix",
    "windows"
  ]
  revision = "bd9dbc187b6e1dacfdd2722a87e83093c2d7bd6e"

[[projects]]
  branch = "master"
  name = "golang.org/x/text"
  packages = [
    "internal/gen",
    "internal/language",
    "internal/language/compact",
    "internal/tag",
    "language",
    "unicode/cldr"
  ]
  revision = "0605a8320aceb4207a5fb3521281e17ec2075476"

[[projects]]
  name = "google.golang.org/appengine"
  packages = ["cloudsql"]
  revision = "b1f26356af11148e710935ed1ac8a7f5702c7612"
  version = "v1.1.0"

[[projects]]
  name = "gopkg.in/DATA-DOG/go-sqlmock.v1"
  packages = ["."]
  revision = "d76b18b42f285b792bf985118980ce9eacea9d10"
  version = "v1.3.0"

[[projects]]
  name = "gopkg.in/yaml.v2"
  packages = ["."]
  revision = "5420a8b6744d3b0345ab293f6fcba19c978f1183"
  version = "v2.2.1"

[solve-meta]
  analyzer-name = "dep"
  analyzer-version = 1
  inputs-digest = "c01150a1ff7776cebac93d68a211dd916aa096e64e55fd37f128c98c6162f98f"
  solver-name = "gps-cdcl"
  solver-version = 1
