hash: c790bcfd2741c2e94175d40e1a44d7c595d4d57fd34753a61b065fecdfcc5f76
updated: 2017-08-21T09:55:31.917609969+01:00
imports:
- name: github.com/antonlindstrom/pgstore
  version: 4f1dbba445e540bf071eb9572262edb8fe4a593a
- name: github.com/cloudfoundry/noaa
  version: a1d4a94e2be6711111893c59538976d07ef7ea98
  subpackages:
  - consumer
  - errors
- name: github.com/cloudfoundry/sonde-go
  version: 78019103037ae46207993c8816e970d85bf1a9e4
  subpackages:
  - events
- name: github.com/dgrijalva/jwt-go
  version: 6c8dedd55f8a2e41f605de6d5d66e51ed1f299fc
- name: github.com/go-sql-driver/mysql
  version: a0583e0143b1624142adab07e0e97fe106d99561
- name: github.com/gorilla/context
  version: 1ea25387ff6f684839d82767c1733ff4d4d15d0a
- name: github.com/gorilla/securecookie
  version: 667fe4e3466a040b780561fe9b51a83a3753eefc
- name: github.com/gorilla/sessions
  version: ca9ada44574153444b00d3fd9c8559e4cc95f896
- name: github.com/gorilla/websocket
  version: 3ab3a8b8831546bd18fd182c20687ca853b2bb13
- name: github.com/irfanhabib/mysqlstore
  version: 304308519d1355852f92cd88b31153c8a9a4e4db
- name: github.com/kat-co/vala
  version: 43c3f19f86f47a7a83ce5656a1dd8fee3da5d12b
- name: github.com/labstack/echo
  version: e08070379af60f5b9c0fb5bb2d1527ba9624fe43
  subpackages:
  - context
  - engine
  - engine/standard
  - log
  - middleware
- name: github.com/labstack/gommon
  version: 1121fd3e243c202482226a7afe4dcd07ffc4139a
  subpackages:
  - bytes
  - color
  - log
  - random
- name: github.com/lib/pq
  version: 2704adc878c21e1329f46f6e56a1c387d788ff94
  subpackages:
  - oid
- name: github.com/mattn/go-colorable
  version: ded68f7a9561c023e790de24279db7ebf473ea80
- name: github.com/mattn/go-isatty
  version: fc9e8d8ef48496124e79ae0df75490096eccf6fe
- name: github.com/mattn/go-sqlite3
  version: ca5e3819723d8eeaf170ad510e7da1d6d2e94a08
- name: github.com/nwmac/sqlitestore
  version: 3f93bd4dbffb827c47572d6d1342272be36bd6b0
- name: github.com/pkg/errors
  version: c605e284fe17294bda444b34710735b29d1a9d90
- name: github.com/satori/go.uuid
  version: 879c5887cd475cd7864858769793b2ceb0d44feb
- name: github.com/Sirupsen/logrus
  version: ba1b36c82c5e05c4f912a88eab0dcd91a171688f
- name: github.com/valyala/bytebufferpool
  version: e746df99fe4a3986f4d4f79e13c1e0117ce9c2f7
- name: github.com/valyala/fasttemplate
  version: dcecefd839c4193db0d35b88ec65b4c12d360ab0
- name: golang.org/x/net
  version: 59a0b19b5533c7977ddeb86b017bf507ed407b12
  subpackages:
  - context
  - html
  - websocket
- name: golang.org/x/sys
  version: 0b25a408a50076fbbcae6b7ac0ea5fbb0b085e79
  subpackages:
  - unix
testImports:
- name: github.com/gopherjs/gopherjs
  version: 9659c814f1d54d63f9c623449a7111d3864c1361
  subpackages:
  - js
- name: github.com/jtolds/gls
  version: 77f18212c9c7edc9bd6a33d383a7b545ce62f064
- name: github.com/smartystreets/assertions
  version: f8459f92181409546d2762c9e9c4bedc23c92d76
  subpackages:
  - internal/go-render/render
  - internal/oglematchers
- name: github.com/smartystreets/goconvey
  version: d4c757aa9afd1e2fc1832aaab209b5794eb336e1
  subpackages:
  - convey
  - convey/gotest
  - convey/reporting
- name: gopkg.in/DATA-DOG/go-sqlmock.v1
  version: 9958e5c69de03e97ec215b23f6fcae1f600c3fb6
